
Microsoft Visual Studio Solution File, Format Version 12.00
# Visual Studio Version 16
VisualStudioVersion = 16.0.29509.3
MinimumVisualStudioVersion = 10.0.40219.1
Project("{FAE04EC0-301F-11D3-BF4B-00C04F79EFBC}") = "Delivery Bagual", "Delivery Bagual.csproj", "{670F49AD-AF18-4D84-94A5-9E8E2887B5DD}"
EndProject
Global
	GlobalSection(SolutionConfigurationPlatforms) = preSolution
		Debug|Any CPU = Debug|Any CPU
		Release|Any CPU = Release|Any CPU
	EndGlobalSection
	GlobalSection(ProjectConfigurationPlatforms) = postSolution
		{670F49AD-AF18-4D84-94A5-9E8E2887B5DD}.Debug|Any CPU.ActiveCfg = Debug|Any CPU
		{670F49AD-AF18-4D84-94A5-9E8E2887B5DD}.Debug|Any CPU.Build.0 = Debug|Any CPU
		{670F49AD-AF18-4D84-94A5-9E8E2887B5DD}.Debug|Any CPU.Deploy.0 = Debug|Any CPU
		{670F49AD-AF18-4D84-94A5-9E8E2887B5DD}.Release|Any CPU.ActiveCfg = Release|Any CPU
		{670F49AD-AF18-4D84-94A5-9E8E2887B5DD}.Release|Any CPU.Build.0 = Release|Any CPU
		{670F49AD-AF18-4D84-94A5-9E8E2887B5DD}.Release|Any CPU.Deploy.0 = Release|Any CPU
	EndGlobalSection
	GlobalSection(SolutionProperties) = preSolution
		HideSolutionNode = FALSE
	EndGlobalSection
	GlobalSection(ExtensibilityGlobals) = postSolution
		SolutionGuid = {404A2E54-E682-419E-A8EB-171BF763E24C}
	EndGlobalSection
EndGlobal
